
Microsoft Visual Studio Solution File, Format Version 12.00
# Visual Studio Version 17
VisualStudioVersion = 17.5.002.0
MinimumVisualStudioVersion = 10.0.40219.1
Project("{2150E333-8FDC-42A3-9474-1A3956D46DE8}") = "csharp-prep", "csharp-prep", "{24A5110A-72B6-4789-A035-9C7DFE133AB1}"
EndProject
Project("{9A19103F-16F7-4668-BE54-9A1E7A4F7556}") = "Prep1", "csharp-prep\Prep1\Prep1.csproj", "{957DEC20-D400-4278-92C6-A660699294F6}"
EndProject
Project("{9A19103F-16F7-4668-BE54-9A1E7A4F7556}") = "Prep2", "csharp-prep\Prep2\Prep2.csproj", "{32941D42-5FC9-4685-8006-24E54A364515}"
EndProject
Project("{9A19103F-16F7-4668-BE54-9A1E7A4F7556}") = "Prep3", "csharp-prep\Prep3\Prep3.csproj", "{A55D2D05-1C86-46FF-92A5-AA94DD13C5B1}"
EndProject
Project("{9A19103F-16F7-4668-BE54-9A1E7A4F7556}") = "Prep4", "csharp-prep\Prep4\Prep4.csproj", "{0CC9FFA9-F77B-4D74-9C86-AFA8DA949302}"
EndProject
Project("{9A19103F-16F7-4668-BE54-9A1E7A4F7556}") = "Prep5", "csharp-prep\Prep5\Prep5.csproj", "{7228674E-20AE-408B-9E7D-A8AD58E0D152}"
EndProject
Project("{2150E333-8FDC-42A3-9474-1A3956D46DE8}") = "final", "final", "{7109FDBD-E756-4156-86DA-29646243BA58}"
EndProject
Project("{9A19103F-16F7-4668-BE54-9A1E7A4F7556}") = "FinalProject", "final\FinalProject\FinalProject.csproj", "{A93C9329-A4B7-4840-A5B6-FA82CEDA975D}"
EndProject
Project("{9A19103F-16F7-4668-BE54-9A1E7A4F7556}") = "Foundation1", "final\Foundation1\Foundation1.csproj", "{25A59C21-0094-45A8-B1C8-2273837E2838}"
EndProject
Project("{9A19103F-16F7-4668-BE54-9A1E7A4F7556}") = "Foundation2", "final\Foundation2\Foundation2.csproj", "{A3C3BA68-98E4-4D9D-A7BF-0F4B7712852B}"
EndProject
Project("{9A19103F-16F7-4668-BE54-9A1E7A4F7556}") = "Foundation3", "final\Foundation3\Foundation3.csproj", "{209FD8C5-0D07-42FC-8ED3-54DBBA9F2061}"
EndProject
Project("{9A19103F-16F7-4668-BE54-9A1E7A4F7556}") = "Foundation4", "final\Foundation4\Foundation4.csproj", "{CD9D16EF-3A28-4F1A-8BDE-957585BD3602}"
EndProject
Project("{2150E333-8FDC-42A3-9474-1A3956D46DE8}") = "prepare", "prepare", "{17356031-DD86-4E64-82E3-B20929528E2B}"
EndProject
Project("{9A19103F-16F7-4668-BE54-9A1E7A4F7556}") = "Learning02", "prepare\Learning02\Learning02.csproj", "{E32245C9-036F-4B23-900C-2F6A8C92E34E}"
EndProject
Project("{9A19103F-16F7-4668-BE54-9A1E7A4F7556}") = "Learning03", "prepare\Learning03\Learning03.csproj", "{CFC09D15-4FFD-4B79-BA05-C5BE50D68612}"
EndProject
Project("{9A19103F-16F7-4668-BE54-9A1E7A4F7556}") = "Learning04", "prepare\Learning04\Learning04.csproj", "{049F0F4F-29A0-4D0D-A251-B461922B0C09}"
EndProject
Project("{9A19103F-16F7-4668-BE54-9A1E7A4F7556}") = "Learning05", "prepare\Learning05\Learning05.csproj", "{D1F7B9CF-572F-42DF-9525-6CA19B389AA1}"
EndProject
Project("{2150E333-8FDC-42A3-9474-1A3956D46DE8}") = "prove", "prove", "{F3A31F3F-D79C-4753-AF1A-797320BB9ECD}"
EndProject
Project("{9A19103F-16F7-4668-BE54-9A1E7A4F7556}") = "Develop02", "prove\Develop02\Develop02.csproj", "{C5D0338F-F283-46EF-8B36-55D9D72ECD98}"
EndProject
Project("{9A19103F-16F7-4668-BE54-9A1E7A4F7556}") = "Develop03", "prove\Develop03\Develop03.csproj", "{A610106A-4D01-4579-B47E-F072956EDF4A}"
EndProject
Project("{9A19103F-16F7-4668-BE54-9A1E7A4F7556}") = "Develop04", "prove\Develop04\Develop04.csproj", "{B74B6D1D-77B8-4C7B-A73B-F1678A033464}"
EndProject
Project("{9A19103F-16F7-4668-BE54-9A1E7A4F7556}") = "Develop05", "prove\Develop05\Develop05.csproj", "{AA7B1B78-2868-491D-9B31-095C25E02A9C}"
EndProject
Project("{2150E333-8FDC-42A3-9474-1A3956D46DE8}") = "sandbox", "sandbox", "{EE0A0392-415E-494B-8F8F-B38DE1737B0B}"
EndProject
Project("{9A19103F-16F7-4668-BE54-9A1E7A4F7556}") = "Sandbox", "sandbox\Sandbox\Sandbox.csproj", "{86B710FF-700F-40AC-B968-6CE55AA060E4}"
EndProject
Global
	GlobalSection(SolutionConfigurationPlatforms) = preSolution
		Debug|Any CPU = Debug|Any CPU
		Release|Any CPU = Release|Any CPU
	EndGlobalSection
	GlobalSection(ProjectConfigurationPlatforms) = postSolution
		{957DEC20-D400-4278-92C6-A660699294F6}.Debug|Any CPU.ActiveCfg = Debug|Any CPU
		{957DEC20-D400-4278-92C6-A660699294F6}.Debug|Any CPU.Build.0 = Debug|Any CPU
		{957DEC20-D400-4278-92C6-A660699294F6}.Release|Any CPU.ActiveCfg = Release|Any CPU
		{957DEC20-D400-4278-92C6-A660699294F6}.Release|Any CPU.Build.0 = Release|Any CPU
		{32941D42-5FC9-4685-8006-24E54A364515}.Debug|Any CPU.ActiveCfg = Debug|Any CPU
		{32941D42-5FC9-4685-8006-24E54A364515}.Debug|Any CPU.Build.0 = Debug|Any CPU
		{32941D42-5FC9-4685-8006-24E54A364515}.Release|Any CPU.ActiveCfg = Release|Any CPU
		{32941D42-5FC9-4685-8006-24E54A364515}.Release|Any CPU.Build.0 = Release|Any CPU
		{A55D2D05-1C86-46FF-92A5-AA94DD13C5B1}.Debug|Any CPU.ActiveCfg = Debug|Any CPU
		{A55D2D05-1C86-46FF-92A5-AA94DD13C5B1}.Debug|Any CPU.Build.0 = Debug|Any CPU
		{A55D2D05-1C86-46FF-92A5-AA94DD13C5B1}.Release|Any CPU.ActiveCfg = Release|Any CPU
		{A55D2D05-1C86-46FF-92A5-AA94DD13C5B1}.Release|Any CPU.Build.0 = Release|Any CPU
		{0CC9FFA9-F77B-4D74-9C86-AFA8DA949302}.Debug|Any CPU.ActiveCfg = Debug|Any CPU
		{0CC9FFA9-F77B-4D74-9C86-AFA8DA949302}.Debug|Any CPU.Build.0 = Debug|Any CPU
		{0CC9FFA9-F77B-4D74-9C86-AFA8DA949302}.Release|Any CPU.ActiveCfg = Release|Any CPU
		{0CC9FFA9-F77B-4D74-9C86-AFA8DA949302}.Release|Any CPU.Build.0 = Release|Any CPU
		{7228674E-20AE-408B-9E7D-A8AD58E0D152}.Debug|Any CPU.ActiveCfg = Debug|Any CPU
		{7228674E-20AE-408B-9E7D-A8AD58E0D152}.Debug|Any CPU.Build.0 = Debug|Any CPU
		{7228674E-20AE-408B-9E7D-A8AD58E0D152}.Release|Any CPU.ActiveCfg = Release|Any CPU
		{7228674E-20AE-408B-9E7D-A8AD58E0D152}.Release|Any CPU.Build.0 = Release|Any CPU
		{A93C9329-A4B7-4840-A5B6-FA82CEDA975D}.Debug|Any CPU.ActiveCfg = Debug|Any CPU
		{A93C9329-A4B7-4840-A5B6-FA82CEDA975D}.Debug|Any CPU.Build.0 = Debug|Any CPU
		{A93C9329-A4B7-4840-A5B6-FA82CEDA975D}.Release|Any CPU.ActiveCfg = Release|Any CPU
		{A93C9329-A4B7-4840-A5B6-FA82CEDA975D}.Release|Any CPU.Build.0 = Release|Any CPU
		{25A59C21-0094-45A8-B1C8-2273837E2838}.Debug|Any CPU.ActiveCfg = Debug|Any CPU
		{25A59C21-0094-45A8-B1C8-2273837E2838}.Debug|Any CPU.Build.0 = Debug|Any CPU
		{25A59C21-0094-45A8-B1C8-2273837E2838}.Release|Any CPU.ActiveCfg = Release|Any CPU
		{25A59C21-0094-45A8-B1C8-2273837E2838}.Release|Any CPU.Build.0 = Release|Any CPU
		{A3C3BA68-98E4-4D9D-A7BF-0F4B7712852B}.Debug|Any CPU.ActiveCfg = Debug|Any CPU
		{A3C3BA68-98E4-4D9D-A7BF-0F4B7712852B}.Debug|Any CPU.Build.0 = Debug|Any CPU
		{A3C3BA68-98E4-4D9D-A7BF-0F4B7712852B}.Release|Any CPU.ActiveCfg = Release|Any CPU
		{A3C3BA68-98E4-4D9D-A7BF-0F4B7712852B}.Release|Any CPU.Build.0 = Release|Any CPU
		{209FD8C5-0D07-42FC-8ED3-54DBBA9F2061}.Debug|Any CPU.ActiveCfg = Debug|Any CPU
		{209FD8C5-0D07-42FC-8ED3-54DBBA9F2061}.Debug|Any CPU.Build.0 = Debug|Any CPU
		{209FD8C5-0D07-42FC-8ED3-54DBBA9F2061}.Release|Any CPU.ActiveCfg = Release|Any CPU
		{209FD8C5-0D07-42FC-8ED3-54DBBA9F2061}.Release|Any CPU.Build.0 = Release|Any CPU
		{CD9D16EF-3A28-4F1A-8BDE-957585BD3602}.Debug|Any CPU.ActiveCfg = Debug|Any CPU
		{CD9D16EF-3A28-4F1A-8BDE-957585BD3602}.Debug|Any CPU.Build.0 = Debug|Any CPU
		{CD9D16EF-3A28-4F1A-8BDE-957585BD3602}.Release|Any CPU.ActiveCfg = Release|Any CPU
		{CD9D16EF-3A28-4F1A-8BDE-957585BD3602}.Release|Any CPU.Build.0 = Release|Any CPU
		{E32245C9-036F-4B23-900C-2F6A8C92E34E}.Debug|Any CPU.ActiveCfg = Debug|Any CPU
		{E32245C9-036F-4B23-900C-2F6A8C92E34E}.Debug|Any CPU.Build.0 = Debug|Any CPU
		{E32245C9-036F-4B23-900C-2F6A8C92E34E}.Release|Any CPU.ActiveCfg = Release|Any CPU
		{E32245C9-036F-4B23-900C-2F6A8C92E34E}.Release|Any CPU.Build.0 = Release|Any CPU
		{CFC09D15-4FFD-4B79-BA05-C5BE50D68612}.Debug|Any CPU.ActiveCfg = Debug|Any CPU
		{CFC09D15-4FFD-4B79-BA05-C5BE50D68612}.Debug|Any CPU.Build.0 = Debug|Any CPU
		{CFC09D15-4FFD-4B79-BA05-C5BE50D68612}.Release|Any CPU.ActiveCfg = Release|Any CPU
		{CFC09D15-4FFD-4B79-BA05-C5BE50D68612}.Release|Any CPU.Build.0 = Release|Any CPU
		{049F0F4F-29A0-4D0D-A251-B461922B0C09}.Debug|Any CPU.ActiveCfg = Debug|Any CPU
		{049F0F4F-29A0-4D0D-A251-B461922B0C09}.Debug|Any CPU.Build.0 = Debug|Any CPU
		{049F0F4F-29A0-4D0D-A251-B461922B0C09}.Release|Any CPU.ActiveCfg = Release|Any CPU
		{049F0F4F-29A0-4D0D-A251-B461922B0C09}.Release|Any CPU.Build.0 = Release|Any CPU
		{D1F7B9CF-572F-42DF-9525-6CA19B389AA1}.Debug|Any CPU.ActiveCfg = Debug|Any CPU
		{D1F7B9CF-572F-42DF-9525-6CA19B389AA1}.Debug|Any CPU.Build.0 = Debug|Any CPU
		{D1F7B9CF-572F-42DF-9525-6CA19B389AA1}.Release|Any CPU.ActiveCfg = Release|Any CPU
		{D1F7B9CF-572F-42DF-9525-6CA19B389AA1}.Release|Any CPU.Build.0 = Release|Any CPU
		{C5D0338F-F283-46EF-8B36-55D9D72ECD98}.Debug|Any CPU.ActiveCfg = Debug|Any CPU
		{C5D0338F-F283-46EF-8B36-55D9D72ECD98}.Debug|Any CPU.Build.0 = Debug|Any CPU
		{C5D0338F-F283-46EF-8B36-55D9D72ECD98}.Release|Any CPU.ActiveCfg = Release|Any CPU
		{C5D0338F-F283-46EF-8B36-55D9D72ECD98}.Release|Any CPU.Build.0 = Release|Any CPU
		{A610106A-4D01-4579-B47E-F072956EDF4A}.Debug|Any CPU.ActiveCfg = Debug|Any CPU
		{A610106A-4D01-4579-B47E-F072956EDF4A}.Debug|Any CPU.Build.0 = Debug|Any CPU
		{A610106A-4D01-4579-B47E-F072956EDF4A}.Release|Any CPU.ActiveCfg = Release|Any CPU
		{A610106A-4D01-4579-B47E-F072956EDF4A}.Release|Any CPU.Build.0 = Release|Any CPU
		{B74B6D1D-77B8-4C7B-A73B-F1678A033464}.Debug|Any CPU.ActiveCfg = Debug|Any CPU
		{B74B6D1D-77B8-4C7B-A73B-F1678A033464}.Debug|Any CPU.Build.0 = Debug|Any CPU
		{B74B6D1D-77B8-4C7B-A73B-F1678A033464}.Release|Any CPU.ActiveCfg = Release|Any CPU
		{B74B6D1D-77B8-4C7B-A73B-F1678A033464}.Release|Any CPU.Build.0 = Release|Any CPU
		{AA7B1B78-2868-491D-9B31-095C25E02A9C}.Debug|Any CPU.ActiveCfg = Debug|Any CPU
		{AA7B1B78-2868-491D-9B31-095C25E02A9C}.Debug|Any CPU.Build.0 = Debug|Any CPU
		{AA7B1B78-2868-491D-9B31-095C25E02A9C}.Release|Any CPU.ActiveCfg = Release|Any CPU
		{AA7B1B78-2868-491D-9B31-095C25E02A9C}.Release|Any CPU.Build.0 = Release|Any CPU
		{86B710FF-700F-40AC-B968-6CE55AA060E4}.Debug|Any CPU.ActiveCfg = Debug|Any CPU
		{86B710FF-700F-40AC-B968-6CE55AA060E4}.Debug|Any CPU.Build.0 = Debug|Any CPU
		{86B710FF-700F-40AC-B968-6CE55AA060E4}.Release|Any CPU.ActiveCfg = Release|Any CPU
		{86B710FF-700F-40AC-B968-6CE55AA060E4}.Release|Any CPU.Build.0 = Release|Any CPU
	EndGlobalSection
	GlobalSection(SolutionProperties) = preSolution
		HideSolutionNode = FALSE
	EndGlobalSection
	GlobalSection(NestedProjects) = preSolution
		{957DEC20-D400-4278-92C6-A660699294F6} = {24A5110A-72B6-4789-A035-9C7DFE133AB1}
		{32941D42-5FC9-4685-8006-24E54A364515} = {24A5110A-72B6-4789-A035-9C7DFE133AB1}
		{A55D2D05-1C86-46FF-92A5-AA94DD13C5B1} = {24A5110A-72B6-4789-A035-9C7DFE133AB1}
		{0CC9FFA9-F77B-4D74-9C86-AFA8DA949302} = {24A5110A-72B6-4789-A035-9C7DFE133AB1}
		{7228674E-20AE-408B-9E7D-A8AD58E0D152} = {24A5110A-72B6-4789-A035-9C7DFE133AB1}
		{A93C9329-A4B7-4840-A5B6-FA82CEDA975D} = {7109FDBD-E756-4156-86DA-29646243BA58}
		{25A59C21-0094-45A8-B1C8-2273837E2838} = {7109FDBD-E756-4156-86DA-29646243BA58}
		{A3C3BA68-98E4-4D9D-A7BF-0F4B7712852B} = {7109FDBD-E756-4156-86DA-29646243BA58}
		{209FD8C5-0D07-42FC-8ED3-54DBBA9F2061} = {7109FDBD-E756-4156-86DA-29646243BA58}
		{CD9D16EF-3A28-4F1A-8BDE-957585BD3602} = {7109FDBD-E756-4156-86DA-29646243BA58}
		{E32245C9-036F-4B23-900C-2F6A8C92E34E} = {17356031-DD86-4E64-82E3-B20929528E2B}
		{CFC09D15-4FFD-4B79-BA05-C5BE50D68612} = {17356031-DD86-4E64-82E3-B20929528E2B}
		{049F0F4F-29A0-4D0D-A251-B461922B0C09} = {17356031-DD86-4E64-82E3-B20929528E2B}
		{D1F7B9CF-572F-42DF-9525-6CA19B389AA1} = {17356031-DD86-4E64-82E3-B20929528E2B}
		{C5D0338F-F283-46EF-8B36-55D9D72ECD98} = {F3A31F3F-D79C-4753-AF1A-797320BB9ECD}
		{A610106A-4D01-4579-B47E-F072956EDF4A} = {F3A31F3F-D79C-4753-AF1A-797320BB9ECD}
		{B74B6D1D-77B8-4C7B-A73B-F1678A033464} = {F3A31F3F-D79C-4753-AF1A-797320BB9ECD}
		{AA7B1B78-2868-491D-9B31-095C25E02A9C} = {F3A31F3F-D79C-4753-AF1A-797320BB9ECD}
		{86B710FF-700F-40AC-B968-6CE55AA060E4} = {EE0A0392-415E-494B-8F8F-B38DE1737B0B}
	EndGlobalSection
	GlobalSection(ExtensibilityGlobals) = postSolution
		SolutionGuid = {F840F44E-8767-4F09-9412-277B0246608D}
	EndGlobalSection
EndGlobal
